
Microsoft Visual Studio Solution File, Format Version 12.00
# Visual Studio 14
VisualStudioVersion = 14.0.25123.0
MinimumVisualStudioVersion = 10.0.40219.1
Project("{2150E333-8FDC-42A3-9474-1A3956D46DE8}") = "Solution Items", "Solution Items", "{93658B55-8405-41B9-B766-FCEFD5338B35}"
	ProjectSection(SolutionItems) = preProject
		global.json = global.json
	EndProjectSection
EndProject
Project("{8BB2217D-0F2D-49D1-97BC-3654ED321F3B}") = "jspm-vs2015", "jspm-vs2015.xproj", "{1FC9129A-88D1-4D9B-A3EC-F622814F7B47}"
EndProject
Global
	GlobalSection(SolutionConfigurationPlatforms) = preSolution
		Debug|Any CPU = Debug|Any CPU
		Release|Any CPU = Release|Any CPU
	EndGlobalSection
	GlobalSection(ProjectConfigurationPlatforms) = postSolution
		{1FC9129A-88D1-4D9B-A3EC-F622814F7B47}.Debug|Any CPU.ActiveCfg = Debug|Any CPU
		{1FC9129A-88D1-4D9B-A3EC-F622814F7B47}.Debug|Any CPU.Build.0 = Debug|Any CPU
		{1FC9129A-88D1-4D9B-A3EC-F622814F7B47}.Release|Any CPU.ActiveCfg = Release|Any CPU
		{1FC9129A-88D1-4D9B-A3EC-F622814F7B47}.Release|Any CPU.Build.0 = Release|Any CPU
	EndGlobalSection
	GlobalSection(SolutionProperties) = preSolution
		HideSolutionNode = FALSE
	EndGlobalSection
EndGlobal
